// !$*UTF8*$!
{
	archiveVersion = 1;
	classes = {
	};
	objectVersion = 46;
	objects = {

/* Begin PBXBuildFile section */
		ED1821BD58B6A3A0C5678081 /* libPods.a in Frameworks */ = {isa = PBXBuildFile; fileRef = BEE5FF7608C01DE4F3BD9C7D /* libPods.a */; };
		F47AC5F01A85DF5F005F6E65 /* AppDelegate.swift in Sources */ = {isa = PBXBuildFile; fileRef = F47AC5EF1A85DF5F005F6E65 /* AppDelegate.swift */; };
		F47AC5F21A85DF5F005F6E65 /* ViewController.swift in Sources */ = {isa = PBXBuildFile; fileRef = F47AC5F11A85DF5F005F6E65 /* ViewController.swift */; };
		F47AC5F51A85DF60005F6E65 /* Main.storyboard in Resources */ = {isa = PBXBuildFile; fileRef = F47AC5F31A85DF60005F6E65 /* Main.storyboard */; };
		F47AC5F71A85DF60005F6E65 /* Images.xcassets in Resources */ = {isa = PBXBuildFile; fileRef = F47AC5F61A85DF60005F6E65 /* Images.xcassets */; };
		F47AC5FA1A85DF60005F6E65 /* LaunchScreen.xib in Resources */ = {isa = PBXBuildFile; fileRef = F47AC5F81A85DF60005F6E65 /* LaunchScreen.xib */; };
		F47AC6061A85DF60005F6E65 /* StereoYoutubeTests.swift in Sources */ = {isa = PBXBuildFile; fileRef = F47AC6051A85DF60005F6E65 /* StereoYoutubeTests.swift */; };
/* End PBXBuildFile section */

/* Begin PBXContainerItemProxy section */
		F47AC6001A85DF60005F6E65 /* PBXContainerItemProxy */ = {
			isa = PBXContainerItemProxy;
			containerPortal = F47AC5E21A85DF5F005F6E65 /* Project object */;
			proxyType = 1;
			remoteGlobalIDString = F47AC5E91A85DF5F005F6E65;
			remoteInfo = StereoYoutube;
		};
/* End PBXContainerItemProxy section */

/* Begin PBXFileReference section */
		BEE5FF7608C01DE4F3BD9C7D /* libPods.a */ = {isa = PBXFileReference; explicitFileType = archive.ar; includeInIndex = 0; path = libPods.a; sourceTree = BUILT_PRODUCTS_DIR; };
		DC579DBE3DB505E4DA2403A4 /* Pods.release.xcconfig */ = {isa = PBXFileReference; includeInIndex = 1; lastKnownFileType = text.xcconfig; name = Pods.release.xcconfig; path = "Pods/Target Support Files/Pods/Pods.release.xcconfig"; sourceTree = "<group>"; };
		E7EC5E7849C594597B2AC4C1 /* Pods.debug.xcconfig */ = {isa = PBXFileReference; includeInIndex = 1; lastKnownFileType = text.xcconfig; name = Pods.debug.xcconfig; path = "Pods/Target Support Files/Pods/Pods.debug.xcconfig"; sourceTree = "<group>"; };
		F47AC5EA1A85DF5F005F6E65 /* StereoYoutube.app */ = {isa = PBXFileReference; explicitFileType = wrapper.application; includeInIndex = 0; path = StereoYoutube.app; sourceTree = BUILT_PRODUCTS_DIR; };
		F47AC5EE1A85DF5F005F6E65 /* Info.plist */ = {isa = PBXFileReference; lastKnownFileType = text.plist.xml; path = Info.plist; sourceTree = "<group>"; };
		F47AC5EF1A85DF5F005F6E65 /* AppDelegate.swift */ = {isa = PBXFileReference; lastKnownFileType = sourcecode.swift; path = AppDelegate.swift; sourceTree = "<group>"; };
		F47AC5F11A85DF5F005F6E65 /* ViewController.swift */ = {isa = PBXFileReference; lastKnownFileType = sourcecode.swift; path = ViewController.swift; sourceTree = "<group>"; };
		F47AC5F41A85DF60005F6E65 /* Base */ = {isa = PBXFileReference; lastKnownFileType = file.storyboard; name = Base; path = Base.lproj/Main.storyboard; sourceTree = "<group>"; };
		F47AC5F61A85DF60005F6E65 /* Images.xcassets */ = {isa = PBXFileReference; lastKnownFileType = folder.assetcatalog; path = Images.xcassets; sourceTree = "<group>"; };
		F47AC5F91A85DF60005F6E65 /* Base */ = {isa = PBXFileReference; lastKnownFileType = file.xib; name = Base; path = Base.lproj/LaunchScreen.xib; sourceTree = "<group>"; };
		F47AC5FF1A85DF60005F6E65 /* StereoYoutubeTests.xctest */ = {isa = PBXFileReference; explicitFileType = wrapper.cfbundle; includeInIndex = 0; path = StereoYoutubeTests.xctest; sourceTree = BUILT_PRODUCTS_DIR; };
		F47AC6041A85DF60005F6E65 /* Info.plist */ = {isa = PBXFileReference; lastKnownFileType = text.plist.xml; path = Info.plist; sourceTree = "<group>"; };
		F47AC6051A85DF60005F6E65 /* StereoYoutubeTests.swift */ = {isa = PBXFileReference; lastKnownFileType = sourcecode.swift; path = StereoYoutubeTests.swift; sourceTree = "<group>"; };
		F47AC60F1A85E006005F6E65 /* StereoYoutube-Bridging-Header.h */ = {isa = PBXFileReference; lastKnownFileType = sourcecode.c.h; path = "StereoYoutube-Bridging-Header.h"; sourceTree = "<group>"; };
/* End PBXFileReference section */

/* Begin PBXFrameworksBuildPhase section */
		F47AC5E71A85DF5F005F6E65 /* Frameworks */ = {
			isa = PBXFrameworksBuildPhase;
			buildActionMask = 2147483647;
			files = (
				ED1821BD58B6A3A0C5678081 /* libPods.a in Frameworks */,
			);
			runOnlyForDeploymentPostprocessing = 0;
		};
		F47AC5FC1A85DF60005F6E65 /* Frameworks */ = {
			isa = PBXFrameworksBuildPhase;
			buildActionMask = 2147483647;
			files = (
			);
			runOnlyForDeploymentPostprocessing = 0;
		};
/* End PBXFrameworksBuildPhase section */

/* Begin PBXGroup section */
		B810454DA3164F7E3FB6052A /* Pods */ = {
			isa = PBXGroup;
			children = (
				E7EC5E7849C594597B2AC4C1 /* Pods.debug.xcconfig */,
				DC579DBE3DB505E4DA2403A4 /* Pods.release.xcconfig */,
			);
			name = Pods;
			sourceTree = "<group>";
		};
		C0AD03995092D6ED20819CF9 /* Frameworks */ = {
			isa = PBXGroup;
			children = (
				BEE5FF7608C01DE4F3BD9C7D /* libPods.a */,
			);
			name = Frameworks;
			sourceTree = "<group>";
		};
		F47AC5E11A85DF5F005F6E65 = {
			isa = PBXGroup;
			children = (
				F47AC5EC1A85DF5F005F6E65 /* StereoYoutube */,
				F47AC6021A85DF60005F6E65 /* StereoYoutubeTests */,
				F47AC5EB1A85DF5F005F6E65 /* Products */,
				B810454DA3164F7E3FB6052A /* Pods */,
				C0AD03995092D6ED20819CF9 /* Frameworks */,
			);
			sourceTree = "<group>";
		};
		F47AC5EB1A85DF5F005F6E65 /* Products */ = {
			isa = PBXGroup;
			children = (
				F47AC5EA1A85DF5F005F6E65 /* StereoYoutube.app */,
				F47AC5FF1A85DF60005F6E65 /* StereoYoutubeTests.xctest */,
			);
			name = Products;
			sourceTree = "<group>";
		};
		F47AC5EC1A85DF5F005F6E65 /* StereoYoutube */ = {
			isa = PBXGroup;
			children = (
				F47AC5EF1A85DF5F005F6E65 /* AppDelegate.swift */,
				F47AC5F11A85DF5F005F6E65 /* ViewController.swift */,
				F47AC5F31A85DF60005F6E65 /* Main.storyboard */,
				F47AC5F61A85DF60005F6E65 /* Images.xcassets */,
				F47AC5F81A85DF60005F6E65 /* LaunchScreen.xib */,
				F47AC5ED1A85DF5F005F6E65 /* Supporting Files */,
				F47AC60F1A85E006005F6E65 /* StereoYoutube-Bridging-Header.h */,
			);
			path = StereoYoutube;
			sourceTree = "<group>";
		};
		F47AC5ED1A85DF5F005F6E65 /* Supporting Files */ = {
			isa = PBXGroup;
			children = (
				F47AC5EE1A85DF5F005F6E65 /* Info.plist */,
			);
			name = "Supporting Files";
			sourceTree = "<group>";
		};
		F47AC6021A85DF60005F6E65 /* StereoYoutubeTests */ = {
			isa = PBXGroup;
			children = (
				F47AC6051A85DF60005F6E65 /* StereoYoutubeTests.swift */,
				F47AC6031A85DF60005F6E65 /* Supporting Files */,
			);
			path = StereoYoutubeTests;
			sourceTree = "<group>";
		};
		F47AC6031A85DF60005F6E65 /* Supporting Files */ = {
			isa = PBXGroup;
			children = (
				F47AC6041A85DF60005F6E65 /* Info.plist */,
			);
			name = "Supporting Files";
			sourceTree = "<group>";
		};
/* End PBXGroup section */

/* Begin PBXNativeTarget section */
		F47AC5E91A85DF5F005F6E65 /* StereoYoutube */ = {
			isa = PBXNativeTarget;
			buildConfigurationList = F47AC6091A85DF60005F6E65 /* Build configuration list for PBXNativeTarget "StereoYoutube" */;
			buildPhases = (
				AD526CB79755D522BC8A128D /* Check Pods Manifest.lock */,
				F47AC5E61A85DF5F005F6E65 /* Sources */,
				F47AC5E71A85DF5F005F6E65 /* Frameworks */,
				F47AC5E81A85DF5F005F6E65 /* Resources */,
				F6DB1EFF1E7EDB891FB66B18 /* Copy Pods Resources */,
			);
			buildRules = (
			);
			dependencies = (
			);
			name = StereoYoutube;
			productName = StereoYoutube;
			productReference = F47AC5EA1A85DF5F005F6E65 /* StereoYoutube.app */;
			productType = "com.apple.product-type.application";
		};
		F47AC5FE1A85DF60005F6E65 /* StereoYoutubeTests */ = {
			isa = PBXNativeTarget;
			buildConfigurationList = F47AC60C1A85DF60005F6E65 /* Build configuration list for PBXNativeTarget "StereoYoutubeTests" */;
			buildPhases = (
				F47AC5FB1A85DF60005F6E65 /* Sources */,
				F47AC5FC1A85DF60005F6E65 /* Frameworks */,
				F47AC5FD1A85DF60005F6E65 /* Resources */,
			);
			buildRules = (
			);
			dependencies = (
				F47AC6011A85DF60005F6E65 /* PBXTargetDependency */,
			);
			name = StereoYoutubeTests;
			productName = StereoYoutubeTests;
			productReference = F47AC5FF1A85DF60005F6E65 /* StereoYoutubeTests.xctest */;
			productType = "com.apple.product-type.bundle.unit-test";
		};
/* End PBXNativeTarget section */

/* Begin PBXProject section */
		F47AC5E21A85DF5F005F6E65 /* Project object */ = {
			isa = PBXProject;
			attributes = {
				LastUpgradeCheck = 0610;
				ORGANIZATIONNAME = Shun;
				TargetAttributes = {
					F47AC5E91A85DF5F005F6E65 = {
						CreatedOnToolsVersion = 6.1.1;
					};
					F47AC5FE1A85DF60005F6E65 = {
						CreatedOnToolsVersion = 6.1.1;
						TestTargetID = F47AC5E91A85DF5F005F6E65;
					};
				};
			};
			buildConfigurationList = F47AC5E51A85DF5F005F6E65 /* Build configuration list for PBXProject "StereoYoutube" */;
			compatibilityVersion = "Xcode 3.2";
			developmentRegion = English;
			hasScannedForEncodings = 0;
			knownRegions = (
				en,
				Base,
			);
			mainGroup = F47AC5E11A85DF5F005F6E65;
			productRefGroup = F47AC5EB1A85DF5F005F6E65 /* Products */;
			projectDirPath = "";
			projectRoot = "";
			targets = (
				F47AC5E91A85DF5F005F6E65 /* StereoYoutube */,
				F47AC5FE1A85DF60005F6E65 /* StereoYoutubeTests */,
			);
		};
/* End PBXProject section */

/* Begin PBXResourcesBuildPhase section */
		F47AC5E81A85DF5F005F6E65 /* Resources */ = {
			isa = PBXResourcesBuildPhase;
			buildActionMask = 2147483647;
			files = (
				F47AC5F51A85DF60005F6E65 /* Main.storyboard in Resources */,
				F47AC5FA1A85DF60005F6E65 /* LaunchScreen.xib in Resources */,
				F47AC5F71A85DF60005F6E65 /* Images.xcassets in Resources */,
			);
			runOnlyForDeploymentPostprocessing = 0;
		};
		F47AC5FD1A85DF60005F6E65 /* Resources */ = {
			isa = PBXResourcesBuildPhase;
			buildActionMask = 2147483647;
			files = (
			);
			runOnlyForDeploymentPostprocessing = 0;
		};
/* End PBXResourcesBuildPhase section */

/* Begin PBXShellScriptBuildPhase section */
		AD526CB79755D522BC8A128D /* Check Pods Manifest.lock */ = {
			isa = PBXShellScriptBuildPhase;
			buildActionMask = 2147483647;
			files = (
			);
			inputPaths = (
			);
			name = "Check Pods Manifest.lock";
			outputPaths = (
			);
			runOnlyForDeploymentPostprocessing = 0;
			shellPath = /bin/sh;
			shellScript = "diff \"${PODS_ROOT}/../Podfile.lock\" \"${PODS_ROOT}/Manifest.lock\" > /dev/null\nif [[ $? != 0 ]] ; then\n    cat << EOM\nerror: The sandbox is not in sync with the Podfile.lock. Run 'pod install' or update your CocoaPods installation.\nEOM\n    exit 1\nfi\n";
			showEnvVarsInLog = 0;
		};
		F6DB1EFF1E7EDB891FB66B18 /* Copy Pods Resources */ = {
			isa = PBXShellScriptBuildPhase;
			buildActionMask = 2147483647;
			files = (
			);
			inputPaths = (
			);
			name = "Copy Pods Resources";
			outputPaths = (
			);
			runOnlyForDeploymentPostprocessing = 0;
			shellPath = /bin/sh;
			shellScript = "\"${SRCROOT}/Pods/Target Support Files/Pods/Pods-resources.sh\"\n";
			showEnvVarsInLog = 0;
		};
/* End PBXShellScriptBuildPhase section */

/* Begin PBXSourcesBuildPhase section */
		F47AC5E61A85DF5F005F6E65 /* Sources */ = {
			isa = PBXSourcesBuildPhase;
			buildActionMask = 2147483647;
			files = (
				F47AC5F21A85DF5F005F6E65 /* ViewController.swift in Sources */,
				F47AC5F01A85DF5F005F6E65 /* AppDelegate.swift in Sources */,
			);
			runOnlyForDeploymentPostprocessing = 0;
		};
		F47AC5FB1A85DF60005F6E65 /* Sources */ = {
			isa = PBXSourcesBuildPhase;
			buildActionMask = 2147483647;
			files = (
				F47AC6061A85DF60005F6E65 /* StereoYoutubeTests.swift in Sources */,
			);
			runOnlyForDeploymentPostprocessing = 0;
		};
/* End PBXSourcesBuildPhase section */

/* Begin PBXTargetDependency section */
		F47AC6011A85DF60005F6E65 /* PBXTargetDependency */ = {
			isa = PBXTargetDependency;
			target = F47AC5E91A85DF5F005F6E65 /* StereoYoutube */;
			targetProxy = F47AC6001A85DF60005F6E65 /* PBXContainerItemProxy */;
		};
/* End PBXTargetDependency section */

/* Begin PBXVariantGroup section */
		F47AC5F31A85DF60005F6E65 /* Main.storyboard */ = {
			isa = PBXVariantGroup;
			children = (
				F47AC5F41A85DF60005F6E65 /* Base */,
			);
			name = Main.storyboard;
			sourceTree = "<group>";
		};
		F47AC5F81A85DF60005F6E65 /* LaunchScreen.xib */ = {
			isa = PBXVariantGroup;
			children = (
				F47AC5F91A85DF60005F6E65 /* Base */,
			);
			name = LaunchScreen.xib;
			sourceTree = "<group>";
		};
/* End PBXVariantGroup section */

/* Begin XCBuildConfiguration section */
		F47AC6071A85DF60005F6E65 /* Debug */ = {
			isa = XCBuildConfiguration;
			buildSettings = {
				ALWAYS_SEARCH_USER_PATHS = NO;
				CLANG_CXX_LANGUAGE_STANDARD = "gnu++0x";
				CLANG_CXX_LIBRARY = "libc++";
				CLANG_ENABLE_MODULES = YES;
				CLANG_ENABLE_OBJC_ARC = YES;
				CLANG_WARN_BOOL_CONVERSION = YES;
				CLANG_WARN_CONSTANT_CONVERSION = YES;
				CLANG_WARN_DIRECT_OBJC_ISA_USAGE = YES_ERROR;
				CLANG_WARN_EMPTY_BODY = YES;
				CLANG_WARN_ENUM_CONVERSION = YES;
				CLANG_WARN_INT_CONVERSION = YES;
				CLANG_WARN_OBJC_ROOT_CLASS = YES_ERROR;
				CLANG_WARN_UNREACHABLE_CODE = YES;
				CLANG_WARN__DUPLICATE_METHOD_MATCH = YES;
				"CODE_SIGN_IDENTITY[sdk=iphoneos*]" = "iPhone Developer";
				COPY_PHASE_STRIP = NO;
				ENABLE_STRICT_OBJC_MSGSEND = YES;
				GCC_C_LANGUAGE_STANDARD = gnu99;
				GCC_DYNAMIC_NO_PIC = NO;
				GCC_OPTIMIZATION_LEVEL = 0;
				GCC_PREPROCESSOR_DEFINITIONS = (
					"DEBUG=1",
					"$(inherited)",
				);
				GCC_SYMBOLS_PRIVATE_EXTERN = NO;
				GCC_WARN_64_TO_32_BIT_CONVERSION = YES;
				GCC_WARN_ABOUT_RETURN_TYPE = YES_ERROR;
				GCC_WARN_UNDECLARED_SELECTOR = YES;
				GCC_WARN_UNINITIALIZED_AUTOS = YES_AGGRESSIVE;
				GCC_WARN_UNUSED_FUNCTION = YES;
				GCC_WARN_UNUSED_VARIABLE = YES;
				IPHONEOS_DEPLOYMENT_TARGET = 8.1;
				MTL_ENABLE_DEBUG_INFO = YES;
				ONLY_ACTIVE_ARCH = YES;
				SDKROOT = iphoneos;
				SWIFT_OPTIMIZATION_LEVEL = "-Onone";
				TARGETED_DEVICE_FAMILY = "1,2";
			};
			name = Debug;
		};
		F47AC6081A85DF60005F6E65 /* Release */ = {
			isa = XCBuildConfiguration;
			buildSettings = {
				ALWAYS_SEARCH_USER_PATHS = NO;
				CLANG_CXX_LANGUAGE_STANDARD = "gnu++0x";
				CLANG_CXX_LIBRARY = "libc++";
				CLANG_ENABLE_MODULES = YES;
				CLANG_ENABLE_OBJC_ARC = YES;
				CLANG_WARN_BOOL_CONVERSION = YES;
				CLANG_WARN_CONSTANT_CONVERSION = YES;
				CLANG_WARN_DIRECT_OBJC_ISA_USAGE = YES_ERROR;
				CLANG_WARN_EMPTY_BODY = YES;
				CLANG_WARN_ENUM_CONVERSION = YES;
				CLANG_WARN_INT_CONVERSION = YES;
				CLANG_WARN_OBJC_ROOT_CLASS = YES_ERROR;
				CLANG_WARN_UNREACHABLE_CODE = YES;
				CLANG_WARN__DUPLICATE_METHOD_MATCH = YES;
				"CODE_SIGN_IDENTITY[sdk=iphoneos*]" = "iPhone Developer";
				COPY_PHASE_STRIP = YES;
				ENABLE_NS_ASSERTIONS = NO;
				ENABLE_STRICT_OBJC_MSGSEND = YES;
				GCC_C_LANGUAGE_STANDARD = gnu99;
				GCC_WARN_64_TO_32_BIT_CONVERSION = YES;
				GCC_WARN_ABOUT_RETURN_TYPE = YES_ERROR;
				GCC_WARN_UNDECLARED_SELECTOR = YES;
				GCC_WARN_UNINITIALIZED_AUTOS = YES_AGGRESSIVE;
				GCC_WARN_UNUSED_FUNCTION = YES;
				GCC_WARN_UNUSED_VARIABLE = YES;
				IPHONEOS_DEPLOYMENT_TARGET = 8.1;
				MTL_ENABLE_DEBUG_INFO = NO;
				SDKROOT = iphoneos;
				TARGETED_DEVICE_FAMILY = "1,2";
				VALIDATE_PRODUCT = YES;
			};
			name = Release;
		};
		F47AC60A1A85DF60005F6E65 /* Debug */ = {
			isa = XCBuildConfiguration;
			baseConfigurationReference = E7EC5E7849C594597B2AC4C1 /* Pods.debug.xcconfig */;
			buildSettings = {
				ASSETCATALOG_COMPILER_APPICON_NAME = AppIcon;
				CLANG_ENABLE_MODULES = YES;
				INFOPLIST_FILE = StereoYoutube/Info.plist;
				LD_RUNPATH_SEARCH_PATHS = "$(inherited) @executable_path/Frameworks";
				PRODUCT_NAME = "$(TARGET_NAME)";
				SWIFT_OBJC_BRIDGING_HEADER = "StereoYoutube/StereoYoutube-Bridging-Header.h";
				SWIFT_OPTIMIZATION_LEVEL = "-Onone";
			};
			name = Debug;
		};
		F47AC60B1A85DF60005F6E65 /* Release */ = {
			isa = XCBuildConfiguration;
			baseConfigurationReference = DC579DBE3DB505E4DA2403A4 /* Pods.release.xcconfig */;
			buildSettings = {
				ASSETCATALOG_COMPILER_APPICON_NAME = AppIcon;
				CLANG_ENABLE_MODULES = YES;
				INFOPLIST_FILE = StereoYoutube/Info.plist;
				LD_RUNPATH_SEARCH_PATHS = "$(inherited) @executable_path/Frameworks";
				PRODUCT_NAME = "$(TARGET_NAME)";
				SWIFT_OBJC_BRIDGING_HEADER = "StereoYoutube/StereoYoutube-Bridging-Header.h";
			};
			name = Release;
		};
		F47AC60D1A85DF60005F6E65 /* Debug */ = {
			isa = XCBuildConfiguration;
			buildSettings = {
				BUNDLE_LOADER = "$(TEST_HOST)";
				FRAMEWORK_SEARCH_PATHS = (
					"$(SDKROOT)/Developer/Library/Frameworks",
					"$(inherited)",
				);
				GCC_PREPROCESSOR_DEFINITIONS = (
					"DEBUG=1",
					"$(inherited)",
				);
				INFOPLIST_FILE = StereoYoutubeTests/Info.plist;
				LD_RUNPATH_SEARCH_PATHS = "$(inherited) @executable_path/Frameworks @loader_path/Frameworks";
				PRODUCT_NAME = "$(TARGET_NAME)";
				TEST_HOST = "$(BUILT_PRODUCTS_DIR)/StereoYoutube.app/StereoYoutube";
			};
			name = Debug;
		};
		F47AC60E1A85DF60005F6E65 /* Release */ = {
			isa = XCBuildConfiguration;
			buildSettings = {
				BUNDLE_LOADER = "$(TEST_HOST)";
				FRAMEWORK_SEARCH_PATHS = (
					"$(SDKROOT)/Developer/Library/Frameworks",
					"$(inherited)",
				);
				INFOPLIST_FILE = StereoYoutubeTests/Info.plist;
				LD_RUNPATH_SEARCH_PATHS = "$(inherited) @executable_path/Frameworks @loader_path/Frameworks";
				PRODUCT_NAME = "$(TARGET_NAME)";
				TEST_HOST = "$(BUILT_PRODUCTS_DIR)/StereoYoutube.app/StereoYoutube";
			};
			name = Release;
		};
/* End XCBuildConfiguration section */

/* Begin XCConfigurationList section */
		F47AC5E51A85DF5F005F6E65 /* Build configuration list for PBXProject "StereoYoutube" */ = {
			isa = XCConfigurationList;
			buildConfigurations = (
				F47AC6071A85DF60005F6E65 /* Debug */,
				F47AC6081A85DF60005F6E65 /* Release */,
			);
			defaultConfigurationIsVisible = 0;
			defaultConfigurationName = Release;
		};
		F47AC6091A85DF60005F6E65 /* Build configuration list for PBXNativeTarget "StereoYoutube" */ = {
			isa = XCConfigurationList;
			buildConfigurations = (
				F47AC60A1A85DF60005F6E65 /* Debug */,
				F47AC60B1A85DF60005F6E65 /* Release */,
			);
			defaultConfigurationIsVisible = 0;
			defaultConfigurationName = Release;
		};
		F47AC60C1A85DF60005F6E65 /* Build configuration list for PBXNativeTarget "StereoYoutubeTests" */ = {
			isa = XCConfigurationList;
			buildConfigurations = (
				F47AC60D1A85DF60005F6E65 /* Debug */,
				F47AC60E1A85DF60005F6E65 /* Release */,
			);
			defaultConfigurationIsVisible = 0;
			defaultConfigurationName = Release;
		};
/* End XCConfigurationList section */
	};
	rootObject = F47AC5E21A85DF5F005F6E65 /* Project object */;
}
